
Microsoft Visual Studio Solution File, Format Version 12.00
# Visual Studio Version 17
VisualStudioVersion = 17.14.36518.9 d17.14
MinimumVisualStudioVersion = 10.0.40219.1
Project("{8BC9CEB8-8B4A-11D0-8D11-00A0C91BC942}") = "back", "back.vcxproj", "{CCE05B5D-D428-4650-B7E0-43B5B3E799FC}"
EndProject
Global
	GlobalSection(SolutionConfigurationPlatforms) = preSolution
		Debug|x64 = Debug|x64
		Debug|x86 = Debug|x86
		Release|x64 = Release|x64
		Release|x86 = Release|x86
	EndGlobalSection
	GlobalSection(ProjectConfigurationPlatforms) = postSolution
		{CCE05B5D-D428-4650-B7E0-43B5B3E799FC}.Debug|x64.ActiveCfg = Debug|x64
		{CCE05B5D-D428-4650-B7E0-43B5B3E799FC}.Debug|x64.Build.0 = Debug|x64
		{CCE05B5D-D428-4650-B7E0-43B5B3E799FC}.Debug|x86.ActiveCfg = Debug|Win32
		{CCE05B5D-D428-4650-B7E0-43B5B3E799FC}.Debug|x86.Build.0 = Debug|Win32
		{CCE05B5D-D428-4650-B7E0-43B5B3E799FC}.Release|x64.ActiveCfg = Release|x64
		{CCE05B5D-D428-4650-B7E0-43B5B3E799FC}.Release|x64.Build.0 = Release|x64
		{CCE05B5D-D428-4650-B7E0-43B5B3E799FC}.Release|x86.ActiveCfg = Release|Win32
		{CCE05B5D-D428-4650-B7E0-43B5B3E799FC}.Release|x86.Build.0 = Release|Win32
	EndGlobalSection
	GlobalSection(SolutionProperties) = preSolution
		HideSolutionNode = FALSE
	EndGlobalSection
	GlobalSection(ExtensibilityGlobals) = postSolution
		SolutionGuid = {6EF884CF-E661-4283-94AC-4833D1E91B6E}
	EndGlobalSection
EndGlobal
